
Microsoft Visual Studio Solution File, Format Version 12.00
# Visual Studio Version 17
VisualStudioVersion = 17.5.002.0
MinimumVisualStudioVersion = 10.0.40219.1
Project("{9A19103F-16F7-4668-BE54-9A1E7A4F7556}") = "DataAnalyst", "DataAnalyst\DataAnalyst.csproj", "{CFB12B44-319E-4299-BCC8-E599BD3B2B39}"
EndProject
Global
	GlobalSection(SolutionConfigurationPlatforms) = preSolution
		Debug|Any CPU = Debug|Any CPU
		Release|Any CPU = Release|Any CPU
	EndGlobalSection
	GlobalSection(ProjectConfigurationPlatforms) = postSolution
		{CFB12B44-319E-4299-BCC8-E599BD3B2B39}.Debug|Any CPU.ActiveCfg = Debug|Any CPU
		{CFB12B44-319E-4299-BCC8-E599BD3B2B39}.Debug|Any CPU.Build.0 = Debug|Any CPU
		{CFB12B44-319E-4299-BCC8-E599BD3B2B39}.Release|Any CPU.ActiveCfg = Release|Any CPU
		{CFB12B44-319E-4299-BCC8-E599BD3B2B39}.Release|Any CPU.Build.0 = Release|Any CPU
	EndGlobalSection
	GlobalSection(SolutionProperties) = preSolution
		HideSolutionNode = FALSE
	EndGlobalSection
	GlobalSection(ExtensibilityGlobals) = postSolution
		SolutionGuid = {EA77EAF7-FF15-4103-AA49-7AE330A61D92}
	EndGlobalSection
EndGlobal
